
Microsoft Visual Studio Solution File, Format Version 12.00
# Visual Studio 15
VisualStudioVersion = 15.0.28307.489
MinimumVisualStudioVersion = 10.0.40219.1
Project("{FAE04EC0-301F-11D3-BF4B-00C04F79EFBC}") = "Matrizes", "Matrizes\Matrizes.csproj", "{3644CC79-005F-4578-9CF7-E71F969E44AD}"
EndProject
Global
	GlobalSection(SolutionConfigurationPlatforms) = preSolution
		Debug|Any CPU = Debug|Any CPU
		Release|Any CPU = Release|Any CPU
	EndGlobalSection
	GlobalSection(ProjectConfigurationPlatforms) = postSolution
		{3644CC79-005F-4578-9CF7-E71F969E44AD}.Debug|Any CPU.ActiveCfg = Debug|Any CPU
		{3644CC79-005F-4578-9CF7-E71F969E44AD}.Debug|Any CPU.Build.0 = Debug|Any CPU
		{3644CC79-005F-4578-9CF7-E71F969E44AD}.Release|Any CPU.ActiveCfg = Release|Any CPU
		{3644CC79-005F-4578-9CF7-E71F969E44AD}.Release|Any CPU.Build.0 = Release|Any CPU
	EndGlobalSection
	GlobalSection(SolutionProperties) = preSolution
		HideSolutionNode = FALSE
	EndGlobalSection
	GlobalSection(ExtensibilityGlobals) = postSolution
		SolutionGuid = {C895F0D0-76D8-4901-B61C-510826B468D6}
	EndGlobalSection
EndGlobal
