
Microsoft Visual Studio Solution File, Format Version 12.00
# Visual Studio Version 16
VisualStudioVersion = 16.0.28803.452
MinimumVisualStudioVersion = 10.0.40219.1
Project("{FAE04EC0-301F-11D3-BF4B-00C04F79EFBC}") = "CourseEspressionLambdaDelegatesLINQ", "CourseEspressionLambdaDelegatesLINQ\CourseEspressionLambdaDelegatesLINQ.csproj", "{4C889229-3EA0-4A1A-9DDE-F67F8D7CC352}"
EndProject
Global
	GlobalSection(SolutionConfigurationPlatforms) = preSolution
		Debug|Any CPU = Debug|Any CPU
		Release|Any CPU = Release|Any CPU
	EndGlobalSection
	GlobalSection(ProjectConfigurationPlatforms) = postSolution
		{4C889229-3EA0-4A1A-9DDE-F67F8D7CC352}.Debug|Any CPU.ActiveCfg = Debug|Any CPU
		{4C889229-3EA0-4A1A-9DDE-F67F8D7CC352}.Debug|Any CPU.Build.0 = Debug|Any CPU
		{4C889229-3EA0-4A1A-9DDE-F67F8D7CC352}.Release|Any CPU.ActiveCfg = Release|Any CPU
		{4C889229-3EA0-4A1A-9DDE-F67F8D7CC352}.Release|Any CPU.Build.0 = Release|Any CPU
	EndGlobalSection
	GlobalSection(SolutionProperties) = preSolution
		HideSolutionNode = FALSE
	EndGlobalSection
	GlobalSection(ExtensibilityGlobals) = postSolution
		SolutionGuid = {7F95B84C-EF7B-4A1D-8BEA-16FE3ABF7BC7}
	EndGlobalSection
EndGlobal
