
Microsoft Visual Studio Solution File, Format Version 12.00
# Visual Studio Version 16
VisualStudioVersion = 16.0.28803.452
MinimumVisualStudioVersion = 10.0.40219.1
Project("{FAE04EC0-301F-11D3-BF4B-00C04F79EFBC}") = "CourseReservation", "CourseReservation.csproj", "{64348D31-32EC-45E5-A7E4-CCBE94536B69}"
EndProject
Global
	GlobalSection(SolutionConfigurationPlatforms) = preSolution
		Debug|Any CPU = Debug|Any CPU
		Release|Any CPU = Release|Any CPU
	EndGlobalSection
	GlobalSection(ProjectConfigurationPlatforms) = postSolution
		{64348D31-32EC-45E5-A7E4-CCBE94536B69}.Debug|Any CPU.ActiveCfg = Debug|Any CPU
		{64348D31-32EC-45E5-A7E4-CCBE94536B69}.Debug|Any CPU.Build.0 = Debug|Any CPU
		{64348D31-32EC-45E5-A7E4-CCBE94536B69}.Release|Any CPU.ActiveCfg = Release|Any CPU
		{64348D31-32EC-45E5-A7E4-CCBE94536B69}.Release|Any CPU.Build.0 = Release|Any CPU
	EndGlobalSection
	GlobalSection(SolutionProperties) = preSolution
		HideSolutionNode = FALSE
	EndGlobalSection
	GlobalSection(ExtensibilityGlobals) = postSolution
		SolutionGuid = {8901BA18-CF13-4FFC-93F0-916B3A3071E8}
	EndGlobalSection
EndGlobal
