
Microsoft Visual Studio Solution File, Format Version 12.00
# Visual Studio Version 16
VisualStudioVersion = 16.0.28803.352
MinimumVisualStudioVersion = 10.0.40219.1
Project("{FAE04EC0-301F-11D3-BF4B-00C04F79EFBC}") = "CourseOrder", "CourseOrder.csproj", "{1B0515F6-6336-4354-ADA7-34C47AC79923}"
EndProject
Global
	GlobalSection(SolutionConfigurationPlatforms) = preSolution
		Debug|Any CPU = Debug|Any CPU
		Release|Any CPU = Release|Any CPU
	EndGlobalSection
	GlobalSection(ProjectConfigurationPlatforms) = postSolution
		{1B0515F6-6336-4354-ADA7-34C47AC79923}.Debug|Any CPU.ActiveCfg = Debug|Any CPU
		{1B0515F6-6336-4354-ADA7-34C47AC79923}.Debug|Any CPU.Build.0 = Debug|Any CPU
		{1B0515F6-6336-4354-ADA7-34C47AC79923}.Release|Any CPU.ActiveCfg = Release|Any CPU
		{1B0515F6-6336-4354-ADA7-34C47AC79923}.Release|Any CPU.Build.0 = Release|Any CPU
	EndGlobalSection
	GlobalSection(SolutionProperties) = preSolution
		HideSolutionNode = FALSE
	EndGlobalSection
	GlobalSection(ExtensibilityGlobals) = postSolution
		SolutionGuid = {3FB18D81-6787-496F-8AC9-FA0AF3E88433}
	EndGlobalSection
EndGlobal
