
Microsoft Visual Studio Solution File, Format Version 12.00
# Visual Studio Version 16
VisualStudioVersion = 16.0.28803.452
MinimumVisualStudioVersion = 10.0.40219.1
Project("{FAE04EC0-301F-11D3-BF4B-00C04F79EFBC}") = "SalesWebMVC", "SalesWebMVC\SalesWebMVC.csproj", "{28B589AC-B98E-4CE5-831D-8216936AE577}"
EndProject
Global
	GlobalSection(SolutionConfigurationPlatforms) = preSolution
		Debug|Any CPU = Debug|Any CPU
		Release|Any CPU = Release|Any CPU
	EndGlobalSection
	GlobalSection(ProjectConfigurationPlatforms) = postSolution
		{28B589AC-B98E-4CE5-831D-8216936AE577}.Debug|Any CPU.ActiveCfg = Debug|Any CPU
		{28B589AC-B98E-4CE5-831D-8216936AE577}.Debug|Any CPU.Build.0 = Debug|Any CPU
		{28B589AC-B98E-4CE5-831D-8216936AE577}.Release|Any CPU.ActiveCfg = Release|Any CPU
		{28B589AC-B98E-4CE5-831D-8216936AE577}.Release|Any CPU.Build.0 = Release|Any CPU
	EndGlobalSection
	GlobalSection(SolutionProperties) = preSolution
		HideSolutionNode = FALSE
	EndGlobalSection
	GlobalSection(ExtensibilityGlobals) = postSolution
		SolutionGuid = {F2EF1B58-02F9-4AA0-B395-E04E6EDA7740}
	EndGlobalSection
EndGlobal
