
Microsoft Visual Studio Solution File, Format Version 12.00
# Visual Studio Version 16
VisualStudioVersion = 16.0.28803.452
MinimumVisualStudioVersion = 10.0.40219.1
Project("{FAE04EC0-301F-11D3-BF4B-00C04F79EFBC}") = "StreamWriter", "StreamWriter.csproj", "{ACD777DC-9E11-4B4F-93E1-C533630CDBCF}"
EndProject
Global
	GlobalSection(SolutionConfigurationPlatforms) = preSolution
		Debug|Any CPU = Debug|Any CPU
		Release|Any CPU = Release|Any CPU
	EndGlobalSection
	GlobalSection(ProjectConfigurationPlatforms) = postSolution
		{ACD777DC-9E11-4B4F-93E1-C533630CDBCF}.Debug|Any CPU.ActiveCfg = Debug|Any CPU
		{ACD777DC-9E11-4B4F-93E1-C533630CDBCF}.Debug|Any CPU.Build.0 = Debug|Any CPU
		{ACD777DC-9E11-4B4F-93E1-C533630CDBCF}.Release|Any CPU.ActiveCfg = Release|Any CPU
		{ACD777DC-9E11-4B4F-93E1-C533630CDBCF}.Release|Any CPU.Build.0 = Release|Any CPU
	EndGlobalSection
	GlobalSection(SolutionProperties) = preSolution
		HideSolutionNode = FALSE
	EndGlobalSection
	GlobalSection(ExtensibilityGlobals) = postSolution
		SolutionGuid = {4404F9D8-E961-49EF-BE9C-784BB446A364}
	EndGlobalSection
EndGlobal
