
Microsoft Visual Studio Solution File, Format Version 12.00
# Visual Studio Version 16
VisualStudioVersion = 16.0.28803.352
MinimumVisualStudioVersion = 10.0.40219.1
Project("{FAE04EC0-301F-11D3-BF4B-00C04F79EFBC}") = "CourseEmployee", "CourseEmployee.csproj", "{FA2FF1F7-655C-4EA6-888F-C2A9E41344DB}"
EndProject
Global
	GlobalSection(SolutionConfigurationPlatforms) = preSolution
		Debug|Any CPU = Debug|Any CPU
		Release|Any CPU = Release|Any CPU
	EndGlobalSection
	GlobalSection(ProjectConfigurationPlatforms) = postSolution
		{FA2FF1F7-655C-4EA6-888F-C2A9E41344DB}.Debug|Any CPU.ActiveCfg = Debug|Any CPU
		{FA2FF1F7-655C-4EA6-888F-C2A9E41344DB}.Debug|Any CPU.Build.0 = Debug|Any CPU
		{FA2FF1F7-655C-4EA6-888F-C2A9E41344DB}.Release|Any CPU.ActiveCfg = Release|Any CPU
		{FA2FF1F7-655C-4EA6-888F-C2A9E41344DB}.Release|Any CPU.Build.0 = Release|Any CPU
	EndGlobalSection
	GlobalSection(SolutionProperties) = preSolution
		HideSolutionNode = FALSE
	EndGlobalSection
	GlobalSection(ExtensibilityGlobals) = postSolution
		SolutionGuid = {070193B9-6F0E-4576-B374-8024DA9CC81B}
	EndGlobalSection
EndGlobal
