
Microsoft Visual Studio Solution File, Format Version 12.00
# Visual Studio 15
Project("{FAE04EC0-301F-11D3-BF4B-00C04F79EFBC}") = "VectFixed", "VectFixed\VectFixed.csproj", "{7A0F182D-B37E-4825-9C42-95D3B7977F31}"
EndProject
Global
	GlobalSection(SolutionConfigurationPlatforms) = preSolution
		Debug|Any CPU = Debug|Any CPU
		Release|Any CPU = Release|Any CPU
	EndGlobalSection
	GlobalSection(ProjectConfigurationPlatforms) = postSolution
		{7A0F182D-B37E-4825-9C42-95D3B7977F31}.Debug|Any CPU.ActiveCfg = Debug|Any CPU
		{7A0F182D-B37E-4825-9C42-95D3B7977F31}.Debug|Any CPU.Build.0 = Debug|Any CPU
		{7A0F182D-B37E-4825-9C42-95D3B7977F31}.Release|Any CPU.ActiveCfg = Release|Any CPU
		{7A0F182D-B37E-4825-9C42-95D3B7977F31}.Release|Any CPU.Build.0 = Release|Any CPU
	EndGlobalSection
EndGlobal
