
Microsoft Visual Studio Solution File, Format Version 12.00
# Visual Studio 15
VisualStudioVersion = 15.0.28307.489
MinimumVisualStudioVersion = 10.0.40219.1
Project("{FAE04EC0-301F-11D3-BF4B-00C04F79EFBC}") = "Listas", "Listas\Listas.csproj", "{8C885FB7-4C2B-4794-AE35-507F935CEAF5}"
EndProject
Global
	GlobalSection(SolutionConfigurationPlatforms) = preSolution
		Debug|Any CPU = Debug|Any CPU
		Release|Any CPU = Release|Any CPU
	EndGlobalSection
	GlobalSection(ProjectConfigurationPlatforms) = postSolution
		{8C885FB7-4C2B-4794-AE35-507F935CEAF5}.Debug|Any CPU.ActiveCfg = Debug|Any CPU
		{8C885FB7-4C2B-4794-AE35-507F935CEAF5}.Debug|Any CPU.Build.0 = Debug|Any CPU
		{8C885FB7-4C2B-4794-AE35-507F935CEAF5}.Release|Any CPU.ActiveCfg = Release|Any CPU
		{8C885FB7-4C2B-4794-AE35-507F935CEAF5}.Release|Any CPU.Build.0 = Release|Any CPU
	EndGlobalSection
	GlobalSection(SolutionProperties) = preSolution
		HideSolutionNode = FALSE
	EndGlobalSection
	GlobalSection(ExtensibilityGlobals) = postSolution
		SolutionGuid = {0811CD66-A19C-4E79-B5DC-48016B92EAA1}
	EndGlobalSection
EndGlobal
