
Microsoft Visual Studio Solution File, Format Version 12.00
# Visual Studio Version 16
VisualStudioVersion = 16.0.28803.452
MinimumVisualStudioVersion = 10.0.40219.1
Project("{FAE04EC0-301F-11D3-BF4B-00C04F79EFBC}") = "Paths", "Paths.csproj", "{BDC51D40-664D-474C-9213-4FF5B4CF7DDB}"
EndProject
Global
	GlobalSection(SolutionConfigurationPlatforms) = preSolution
		Debug|Any CPU = Debug|Any CPU
		Release|Any CPU = Release|Any CPU
	EndGlobalSection
	GlobalSection(ProjectConfigurationPlatforms) = postSolution
		{BDC51D40-664D-474C-9213-4FF5B4CF7DDB}.Debug|Any CPU.ActiveCfg = Debug|Any CPU
		{BDC51D40-664D-474C-9213-4FF5B4CF7DDB}.Debug|Any CPU.Build.0 = Debug|Any CPU
		{BDC51D40-664D-474C-9213-4FF5B4CF7DDB}.Release|Any CPU.ActiveCfg = Release|Any CPU
		{BDC51D40-664D-474C-9213-4FF5B4CF7DDB}.Release|Any CPU.Build.0 = Release|Any CPU
	EndGlobalSection
	GlobalSection(SolutionProperties) = preSolution
		HideSolutionNode = FALSE
	EndGlobalSection
	GlobalSection(ExtensibilityGlobals) = postSolution
		SolutionGuid = {623A1A12-4727-4654-966C-61E15732A960}
	EndGlobalSection
EndGlobal
